
Microsoft Visual Studio Solution File, Format Version 12.00
# Visual Studio Version 17
VisualStudioVersion = 17.14.36623.8 d17.14
MinimumVisualStudioVersion = 10.0.40219.1
Project("{FAE04EC0-301F-11D3-BF4B-00C04F79EFBC}") = "CandidateAttendanceApp", "CandidateAttendanceApp.csproj", "{E7290EAA-2CF4-42E8-07F0-68B8BF743451}"
EndProject
Global
	GlobalSection(SolutionConfigurationPlatforms) = preSolution
		Debug|Any CPU = Debug|Any CPU
		Release|Any CPU = Release|Any CPU
	EndGlobalSection
	GlobalSection(ProjectConfigurationPlatforms) = postSolution
		{E7290EAA-2CF4-42E8-07F0-68B8BF743451}.Debug|Any CPU.ActiveCfg = Debug|Any CPU
		{E7290EAA-2CF4-42E8-07F0-68B8BF743451}.Debug|Any CPU.Build.0 = Debug|Any CPU
		{E7290EAA-2CF4-42E8-07F0-68B8BF743451}.Release|Any CPU.ActiveCfg = Release|Any CPU
		{E7290EAA-2CF4-42E8-07F0-68B8BF743451}.Release|Any CPU.Build.0 = Release|Any CPU
	EndGlobalSection
	GlobalSection(SolutionProperties) = preSolution
		HideSolutionNode = FALSE
	EndGlobalSection
	GlobalSection(ExtensibilityGlobals) = postSolution
		SolutionGuid = {4ADFEC4F-3366-4E39-A1D6-12BD3068A6BE}
	EndGlobalSection
EndGlobal
